
Microsoft Visual Studio Solution File, Format Version 12.00
# Visual Studio Version 16
VisualStudioVersion = 16.0.30413.136
MinimumVisualStudioVersion = 10.0.40219.1
Project("{FAE04EC0-301F-11D3-BF4B-00C04F79EFBC}") = "CSProject", "CSProject.csproj", "{C1C940B9-AB42-476C-BE53-353365BC9E0E}"
EndProject
Global
	GlobalSection(SolutionConfigurationPlatforms) = preSolution
		Debug|Any CPU = Debug|Any CPU
		Release|Any CPU = Release|Any CPU
	EndGlobalSection
	GlobalSection(ProjectConfigurationPlatforms) = postSolution
		{C1C940B9-AB42-476C-BE53-353365BC9E0E}.Debug|Any CPU.ActiveCfg = Debug|Any CPU
		{C1C940B9-AB42-476C-BE53-353365BC9E0E}.Debug|Any CPU.Build.0 = Debug|Any CPU
		{C1C940B9-AB42-476C-BE53-353365BC9E0E}.Release|Any CPU.ActiveCfg = Release|Any CPU
		{C1C940B9-AB42-476C-BE53-353365BC9E0E}.Release|Any CPU.Build.0 = Release|Any CPU
	EndGlobalSection
	GlobalSection(SolutionProperties) = preSolution
		HideSolutionNode = FALSE
	EndGlobalSection
	GlobalSection(ExtensibilityGlobals) = postSolution
		SolutionGuid = {47F3286C-AD04-441E-8776-420A026FAE7E}
	EndGlobalSection
EndGlobal
